
Microsoft Visual Studio Solution File, Format Version 12.00
# Visual Studio Version 16
VisualStudioVersion = 16.0.30709.132
MinimumVisualStudioVersion = 10.0.40219.1
Project("{8BC9CEB8-8B4A-11D0-8D11-00A0C91BC942}") = "汉诺塔", "汉诺塔.vcxproj", "{D1189AEF-58B4-4A6E-BAB0-090266ABBB5F}"
EndProject
Global
	GlobalSection(SolutionConfigurationPlatforms) = preSolution
		Debug|x64 = Debug|x64
		Debug|x86 = Debug|x86
		Release|x64 = Release|x64
		Release|x86 = Release|x86
	EndGlobalSection
	GlobalSection(ProjectConfigurationPlatforms) = postSolution
		{D1189AEF-58B4-4A6E-BAB0-090266ABBB5F}.Debug|x64.ActiveCfg = Debug|x64
		{D1189AEF-58B4-4A6E-BAB0-090266ABBB5F}.Debug|x64.Build.0 = Debug|x64
		{D1189AEF-58B4-4A6E-BAB0-090266ABBB5F}.Debug|x86.ActiveCfg = Debug|Win32
		{D1189AEF-58B4-4A6E-BAB0-090266ABBB5F}.Debug|x86.Build.0 = Debug|Win32
		{D1189AEF-58B4-4A6E-BAB0-090266ABBB5F}.Release|x64.ActiveCfg = Release|x64
		{D1189AEF-58B4-4A6E-BAB0-090266ABBB5F}.Release|x64.Build.0 = Release|x64
		{D1189AEF-58B4-4A6E-BAB0-090266ABBB5F}.Release|x86.ActiveCfg = Release|Win32
		{D1189AEF-58B4-4A6E-BAB0-090266ABBB5F}.Release|x86.Build.0 = Release|Win32
	EndGlobalSection
	GlobalSection(SolutionProperties) = preSolution
		HideSolutionNode = FALSE
	EndGlobalSection
	GlobalSection(ExtensibilityGlobals) = postSolution
		SolutionGuid = {D96B1055-86F5-423D-94CB-F771ACB9DA3B}
	EndGlobalSection
EndGlobal
